// !$*UTF8*$!
{
	archiveVersion = 1;
	classes = {
	};
	objectVersion = 46;
	objects = {

/* Begin PBXBuildFile section */
		D42459E61D6335BE003942B7 /* AppDelegate.swift in Sources */ = {isa = PBXBuildFile; fileRef = D42459E51D6335BE003942B7 /* AppDelegate.swift */; };
		D42459E81D6335BE003942B7 /* ViewController.swift in Sources */ = {isa = PBXBuildFile; fileRef = D42459E71D6335BE003942B7 /* ViewController.swift */; };
		D42459EB1D6335BE003942B7 /* Main.storyboard in Resources */ = {isa = PBXBuildFile; fileRef = D42459E91D6335BE003942B7 /* Main.storyboard */; };
		D42459ED1D6335BE003942B7 /* Assets.xcassets in Resources */ = {isa = PBXBuildFile; fileRef = D42459EC1D6335BE003942B7 /* Assets.xcassets */; };
		D42459F01D6335BE003942B7 /* LaunchScreen.storyboard in Resources */ = {isa = PBXBuildFile; fileRef = D42459EE1D6335BE003942B7 /* LaunchScreen.storyboard */; };
		D42459FB1D6335BE003942B7 /* AdobeCreativeSDKTests.swift in Sources */ = {isa = PBXBuildFile; fileRef = D42459FA1D6335BE003942B7 /* AdobeCreativeSDKTests.swift */; };
/* End PBXBuildFile section */

/* Begin PBXContainerItemProxy section */
		D42459F71D6335BE003942B7 /* PBXContainerItemProxy */ = {
			isa = PBXContainerItemProxy;
			containerPortal = D42459DA1D6335BE003942B7 /* Project object */;
			proxyType = 1;
			remoteGlobalIDString = D42459E11D6335BE003942B7;
			remoteInfo = AdobeCreativeSDK;
		};
/* End PBXContainerItemProxy section */

/* Begin PBXFileReference section */
		D42459E21D6335BE003942B7 /* AdobeCreativeSDK.app */ = {isa = PBXFileReference; explicitFileType = wrapper.application; includeInIndex = 0; path = AdobeCreativeSDK.app; sourceTree = BUILT_PRODUCTS_DIR; };
		D42459E51D6335BE003942B7 /* AppDelegate.swift */ = {isa = PBXFileReference; lastKnownFileType = sourcecode.swift; path = AppDelegate.swift; sourceTree = "<group>"; };
		D42459E71D6335BE003942B7 /* ViewController.swift */ = {isa = PBXFileReference; lastKnownFileType = sourcecode.swift; path = ViewController.swift; sourceTree = "<group>"; };
		D42459EA1D6335BE003942B7 /* Base */ = {isa = PBXFileReference; lastKnownFileType = file.storyboard; name = Base; path = Base.lproj/Main.storyboard; sourceTree = "<group>"; };
		D42459EC1D6335BE003942B7 /* Assets.xcassets */ = {isa = PBXFileReference; lastKnownFileType = folder.assetcatalog; path = Assets.xcassets; sourceTree = "<group>"; };
		D42459EF1D6335BE003942B7 /* Base */ = {isa = PBXFileReference; lastKnownFileType = file.storyboard; name = Base; path = Base.lproj/LaunchScreen.storyboard; sourceTree = "<group>"; };
		D42459F11D6335BE003942B7 /* Info.plist */ = {isa = PBXFileReference; lastKnownFileType = text.plist.xml; path = Info.plist; sourceTree = "<group>"; };
		D42459F61D6335BE003942B7 /* AdobeCreativeSDKTests.xctest */ = {isa = PBXFileReference; explicitFileType = wrapper.cfbundle; includeInIndex = 0; path = AdobeCreativeSDKTests.xctest; sourceTree = BUILT_PRODUCTS_DIR; };
		D42459FA1D6335BE003942B7 /* AdobeCreativeSDKTests.swift */ = {isa = PBXFileReference; lastKnownFileType = sourcecode.swift; path = AdobeCreativeSDKTests.swift; sourceTree = "<group>"; };
		D42459FC1D6335BE003942B7 /* Info.plist */ = {isa = PBXFileReference; lastKnownFileType = text.plist.xml; path = Info.plist; sourceTree = "<group>"; };
/* End PBXFileReference section */

/* Begin PBXFrameworksBuildPhase section */
		D42459DF1D6335BE003942B7 /* Frameworks */ = {
			isa = PBXFrameworksBuildPhase;
			buildActionMask = 2147483647;
			files = (
			);
			runOnlyForDeploymentPostprocessing = 0;
		};
		D42459F31D6335BE003942B7 /* Frameworks */ = {
			isa = PBXFrameworksBuildPhase;
			buildActionMask = 2147483647;
			files = (
			);
			runOnlyForDeploymentPostprocessing = 0;
		};
/* End PBXFrameworksBuildPhase section */

/* Begin PBXGroup section */
		D42459D91D6335BE003942B7 = {
			isa = PBXGroup;
			children = (
				D42459E41D6335BE003942B7 /* AdobeCreativeSDK */,
				D42459F91D6335BE003942B7 /* AdobeCreativeSDKTests */,
				D42459E31D6335BE003942B7 /* Products */,
			);
			sourceTree = "<group>";
		};
		D42459E31D6335BE003942B7 /* Products */ = {
			isa = PBXGroup;
			children = (
				D42459E21D6335BE003942B7 /* AdobeCreativeSDK.app */,
				D42459F61D6335BE003942B7 /* AdobeCreativeSDKTests.xctest */,
			);
			name = Products;
			sourceTree = "<group>";
		};
		D42459E41D6335BE003942B7 /* AdobeCreativeSDK */ = {
			isa = PBXGroup;
			children = (
				D42459E51D6335BE003942B7 /* AppDelegate.swift */,
				D42459E71D6335BE003942B7 /* ViewController.swift */,
				D42459E91D6335BE003942B7 /* Main.storyboard */,
				D42459EC1D6335BE003942B7 /* Assets.xcassets */,
				D42459EE1D6335BE003942B7 /* LaunchScreen.storyboard */,
				D42459F11D6335BE003942B7 /* Info.plist */,
			);
			path = AdobeCreativeSDK;
			sourceTree = "<group>";
		};
		D42459F91D6335BE003942B7 /* AdobeCreativeSDKTests */ = {
			isa = PBXGroup;
			children = (
				D42459FA1D6335BE003942B7 /* AdobeCreativeSDKTests.swift */,
				D42459FC1D6335BE003942B7 /* Info.plist */,
			);
			path = AdobeCreativeSDKTests;
			sourceTree = "<group>";
		};
/* End PBXGroup section */

/* Begin PBXNativeTarget section */
		D42459E11D6335BE003942B7 /* AdobeCreativeSDK */ = {
			isa = PBXNativeTarget;
			buildConfigurationList = D42459FF1D6335BE003942B7 /* Build configuration list for PBXNativeTarget "AdobeCreativeSDK" */;
			buildPhases = (
				D42459DE1D6335BE003942B7 /* Sources */,
				D42459DF1D6335BE003942B7 /* Frameworks */,
				D42459E01D6335BE003942B7 /* Resources */,
			);
			buildRules = (
			);
			dependencies = (
			);
			name = AdobeCreativeSDK;
			productName = AdobeCreativeSDK;
			productReference = D42459E21D6335BE003942B7 /* AdobeCreativeSDK.app */;
			productType = "com.apple.product-type.application";
		};
		D42459F51D6335BE003942B7 /* AdobeCreativeSDKTests */ = {
			isa = PBXNativeTarget;
			buildConfigurationList = D4245A021D6335BE003942B7 /* Build configuration list for PBXNativeTarget "AdobeCreativeSDKTests" */;
			buildPhases = (
				D42459F21D6335BE003942B7 /* Sources */,
				D42459F31D6335BE003942B7 /* Frameworks */,
				D42459F41D6335BE003942B7 /* Resources */,
			);
			buildRules = (
			);
			dependencies = (
				D42459F81D6335BE003942B7 /* PBXTargetDependency */,
			);
			name = AdobeCreativeSDKTests;
			productName = AdobeCreativeSDKTests;
			productReference = D42459F61D6335BE003942B7 /* AdobeCreativeSDKTests.xctest */;
			productType = "com.apple.product-type.bundle.unit-test";
		};
/* End PBXNativeTarget section */

/* Begin PBXProject section */
		D42459DA1D6335BE003942B7 /* Project object */ = {
			isa = PBXProject;
			attributes = {
				LastSwiftUpdateCheck = 0730;
				LastUpgradeCheck = 0730;
				ORGANIZATIONNAME = "Dirk Hornung";
				TargetAttributes = {
					D42459E11D6335BE003942B7 = {
						CreatedOnToolsVersion = 7.3.1;
						DevelopmentTeam = 96KFLNV49G;
					};
					D42459F51D6335BE003942B7 = {
						CreatedOnToolsVersion = 7.3.1;
						DevelopmentTeam = 96KFLNV49G;
						TestTargetID = D42459E11D6335BE003942B7;
					};
				};
			};
			buildConfigurationList = D42459DD1D6335BE003942B7 /* Build configuration list for PBXProject "AdobeCreativeSDK" */;
			compatibilityVersion = "Xcode 3.2";
			developmentRegion = English;
			hasScannedForEncodings = 0;
			knownRegions = (
				en,
				Base,
			);
			mainGroup = D42459D91D6335BE003942B7;
			productRefGroup = D42459E31D6335BE003942B7 /* Products */;
			projectDirPath = "";
			projectRoot = "";
			targets = (
				D42459E11D6335BE003942B7 /* AdobeCreativeSDK */,
				D42459F51D6335BE003942B7 /* AdobeCreativeSDKTests */,
			);
		};
/* End PBXProject section */

/* Begin PBXResourcesBuildPhase section */
		D42459E01D6335BE003942B7 /* Resources */ = {
			isa = PBXResourcesBuildPhase;
			buildActionMask = 2147483647;
			files = (
				D42459F01D6335BE003942B7 /* LaunchScreen.storyboard in Resources */,
				D42459ED1D6335BE003942B7 /* Assets.xcassets in Resources */,
				D42459EB1D6335BE003942B7 /* Main.storyboard in Resources */,
			);
			runOnlyForDeploymentPostprocessing = 0;
		};
		D42459F41D6335BE003942B7 /* Resources */ = {
			isa = PBXResourcesBuildPhase;
			buildActionMask = 2147483647;
			files = (
			);
			runOnlyForDeploymentPostprocessing = 0;
		};
/* End PBXResourcesBuildPhase section */

/* Begin PBXSourcesBuildPhase section */
		D42459DE1D6335BE003942B7 /* Sources */ = {
			isa = PBXSourcesBuildPhase;
			buildActionMask = 2147483647;
			files = (
				D42459E81D6335BE003942B7 /* ViewController.swift in Sources */,
				D42459E61D6335BE003942B7 /* AppDelegate.swift in Sources */,
			);
			runOnlyForDeploymentPostprocessing = 0;
		};
		D42459F21D6335BE003942B7 /* Sources */ = {
			isa = PBXSourcesBuildPhase;
			buildActionMask = 2147483647;
			files = (
				D42459FB1D6335BE003942B7 /* AdobeCreativeSDKTests.swift in Sources */,
			);
			runOnlyForDeploymentPostprocessing = 0;
		};
/* End PBXSourcesBuildPhase section */

/* Begin PBXTargetDependency section */
		D42459F81D6335BE003942B7 /* PBXTargetDependency */ = {
			isa = PBXTargetDependency;
			target = D42459E11D6335BE003942B7 /* AdobeCreativeSDK */;
			targetProxy = D42459F71D6335BE003942B7 /* PBXContainerItemProxy */;
		};
/* End PBXTargetDependency section */

/* Begin PBXVariantGroup section */
		D42459E91D6335BE003942B7 /* Main.storyboard */ = {
			isa = PBXVariantGroup;
			children = (
				D42459EA1D6335BE003942B7 /* Base */,
			);
			name = Main.storyboard;
			sourceTree = "<group>";
		};
		D42459EE1D6335BE003942B7 /* LaunchScreen.storyboard */ = {
			isa = PBXVariantGroup;
			children = (
				D42459EF1D6335BE003942B7 /* Base */,
			);
			name = LaunchScreen.storyboard;
			sourceTree = "<group>";
		};
/* End PBXVariantGroup section */

/* Begin XCBuildConfiguration section */
		D42459FD1D6335BE003942B7 /* Debug */ = {
			isa = XCBuildConfiguration;
			buildSettings = {
				ALWAYS_SEARCH_USER_PATHS = NO;
				CLANG_ANALYZER_NONNULL = YES;
				CLANG_CXX_LANGUAGE_STANDARD = "gnu++0x";
				CLANG_CXX_LIBRARY = "libc++";
				CLANG_ENABLE_MODULES = YES;
				CLANG_ENABLE_OBJC_ARC = YES;
				CLANG_WARN_BOOL_CONVERSION = YES;
				CLANG_WARN_CONSTANT_CONVERSION = YES;
				CLANG_WARN_DIRECT_OBJC_ISA_USAGE = YES_ERROR;
				CLANG_WARN_EMPTY_BODY = YES;
				CLANG_WARN_ENUM_CONVERSION = YES;
				CLANG_WARN_INT_CONVERSION = YES;
				CLANG_WARN_OBJC_ROOT_CLASS = YES_ERROR;
				CLANG_WARN_UNREACHABLE_CODE = YES;
				CLANG_WARN__DUPLICATE_METHOD_MATCH = YES;
				"CODE_SIGN_IDENTITY[sdk=iphoneos*]" = "iPhone Developer";
				COPY_PHASE_STRIP = NO;
				DEBUG_INFORMATION_FORMAT = dwarf;
				ENABLE_STRICT_OBJC_MSGSEND = YES;
				ENABLE_TESTABILITY = YES;
				GCC_C_LANGUAGE_STANDARD = gnu99;
				GCC_DYNAMIC_NO_PIC = NO;
				GCC_NO_COMMON_BLOCKS = YES;
				GCC_OPTIMIZATION_LEVEL = 0;
				GCC_PREPROCESSOR_DEFINITIONS = (
					"DEBUG=1",
					"$(inherited)",
				);
				GCC_WARN_64_TO_32_BIT_CONVERSION = YES;
				GCC_WARN_ABOUT_RETURN_TYPE = YES_ERROR;
				GCC_WARN_UNDECLARED_SELECTOR = YES;
				GCC_WARN_UNINITIALIZED_AUTOS = YES_AGGRESSIVE;
				GCC_WARN_UNUSED_FUNCTION = YES;
				GCC_WARN_UNUSED_VARIABLE = YES;
				IPHONEOS_DEPLOYMENT_TARGET = 9.3;
				MTL_ENABLE_DEBUG_INFO = YES;
				ONLY_ACTIVE_ARCH = YES;
				SDKROOT = iphoneos;
				SWIFT_OPTIMIZATION_LEVEL = "-Onone";
				TARGETED_DEVICE_FAMILY = "1,2";
			};
			name = Debug;
		};
		D42459FE1D6335BE003942B7 /* Release */ = {
			isa = XCBuildConfiguration;
			buildSettings = {
				ALWAYS_SEARCH_USER_PATHS = NO;
				CLANG_ANALYZER_NONNULL = YES;
				CLANG_CXX_LANGUAGE_STANDARD = "gnu++0x";
				CLANG_CXX_LIBRARY = "libc++";
				CLANG_ENABLE_MODULES = YES;
				CLANG_ENABLE_OBJC_ARC = YES;
				CLANG_WARN_BOOL_CONVERSION = YES;
				CLANG_WARN_CONSTANT_CONVERSION = YES;
				CLANG_WARN_DIRECT_OBJC_ISA_USAGE = YES_ERROR;
				CLANG_WARN_EMPTY_BODY = YES;
				CLANG_WARN_ENUM_CONVERSION = YES;
				CLANG_WARN_INT_CONVERSION = YES;
				CLANG_WARN_OBJC_ROOT_CLASS = YES_ERROR;
				CLANG_WARN_UNREACHABLE_CODE = YES;
				CLANG_WARN__DUPLICATE_METHOD_MATCH = YES;
				"CODE_SIGN_IDENTITY[sdk=iphoneos*]" = "iPhone Developer";
				COPY_PHASE_STRIP = NO;
				DEBUG_INFORMATION_FORMAT = "dwarf-with-dsym";
				ENABLE_NS_ASSERTIONS = NO;
				ENABLE_STRICT_OBJC_MSGSEND = YES;
				GCC_C_LANGUAGE_STANDARD = gnu99;
				GCC_NO_COMMON_BLOCKS = YES;
				GCC_WARN_64_TO_32_BIT_CONVERSION = YES;
				GCC_WARN_ABOUT_RETURN_TYPE = YES_ERROR;
				GCC_WARN_UNDECLARED_SELECTOR = YES;
				GCC_WARN_UNINITIALIZED_AUTOS = YES_AGGRESSIVE;
				GCC_WARN_UNUSED_FUNCTION = YES;
				GCC_WARN_UNUSED_VARIABLE = YES;
				IPHONEOS_DEPLOYMENT_TARGET = 9.3;
				MTL_ENABLE_DEBUG_INFO = NO;
				SDKROOT = iphoneos;
				TARGETED_DEVICE_FAMILY = "1,2";
				VALIDATE_PRODUCT = YES;
			};
			name = Release;
		};
		D4245A001D6335BE003942B7 /* Debug */ = {
			isa = XCBuildConfiguration;
			buildSettings = {
				ASSETCATALOG_COMPILER_APPICON_NAME = AppIcon;
				INFOPLIST_FILE = AdobeCreativeSDK/Info.plist;
				LD_RUNPATH_SEARCH_PATHS = "$(inherited) @executable_path/Frameworks";
				PRODUCT_BUNDLE_IDENTIFIER = com.example.AdobeCreativeSDK;
				PRODUCT_NAME = "$(TARGET_NAME)";
			};
			name = Debug;
		};
		D4245A011D6335BE003942B7 /* Release */ = {
			isa = XCBuildConfiguration;
			buildSettings = {
				ASSETCATALOG_COMPILER_APPICON_NAME = AppIcon;
				INFOPLIST_FILE = AdobeCreativeSDK/Info.plist;
				LD_RUNPATH_SEARCH_PATHS = "$(inherited) @executable_path/Frameworks";
				PRODUCT_BUNDLE_IDENTIFIER = com.example.AdobeCreativeSDK;
				PRODUCT_NAME = "$(TARGET_NAME)";
			};
			name = Release;
		};
		D4245A031D6335BE003942B7 /* Debug */ = {
			isa = XCBuildConfiguration;
			buildSettings = {
				BUNDLE_LOADER = "$(TEST_HOST)";
				INFOPLIST_FILE = AdobeCreativeSDKTests/Info.plist;
				LD_RUNPATH_SEARCH_PATHS = "$(inherited) @executable_path/Frameworks @loader_path/Frameworks";
				PRODUCT_BUNDLE_IDENTIFIER = com.example.AdobeCreativeSDKTests;
				PRODUCT_NAME = "$(TARGET_NAME)";
				TEST_HOST = "$(BUILT_PRODUCTS_DIR)/AdobeCreativeSDK.app/AdobeCreativeSDK";
			};
			name = Debug;
		};
		D4245A041D6335BE003942B7 /* Release */ = {
			isa = XCBuildConfiguration;
			buildSettings = {
				BUNDLE_LOADER = "$(TEST_HOST)";
				INFOPLIST_FILE = AdobeCreativeSDKTests/Info.plist;
				LD_RUNPATH_SEARCH_PATHS = "$(inherited) @executable_path/Frameworks @loader_path/Frameworks";
				PRODUCT_BUNDLE_IDENTIFIER = com.example.AdobeCreativeSDKTests;
				PRODUCT_NAME = "$(TARGET_NAME)";
				TEST_HOST = "$(BUILT_PRODUCTS_DIR)/AdobeCreativeSDK.app/AdobeCreativeSDK";
			};
			name = Release;
		};
/* End XCBuildConfiguration section */

/* Begin XCConfigurationList section */
		D42459DD1D6335BE003942B7 /* Build configuration list for PBXProject "AdobeCreativeSDK" */ = {
			isa = XCConfigurationList;
			buildConfigurations = (
				D42459FD1D6335BE003942B7 /* Debug */,
				D42459FE1D6335BE003942B7 /* Release */,
			);
			defaultConfigurationIsVisible = 0;
			defaultConfigurationName = Release;
		};
		D42459FF1D6335BE003942B7 /* Build configuration list for PBXNativeTarget "AdobeCreativeSDK" */ = {
			isa = XCConfigurationList;
			buildConfigurations = (
				D4245A001D6335BE003942B7 /* Debug */,
				D4245A011D6335BE003942B7 /* Release */,
			);
			defaultConfigurationIsVisible = 0;
		};
		D4245A021D6335BE003942B7 /* Build configuration list for PBXNativeTarget "AdobeCreativeSDKTests" */ = {
			isa = XCConfigurationList;
			buildConfigurations = (
				D4245A031D6335BE003942B7 /* Debug */,
				D4245A041D6335BE003942B7 /* Release */,
			);
			defaultConfigurationIsVisible = 0;
		};
/* End XCConfigurationList section */
	};
	rootObject = D42459DA1D6335BE003942B7 /* Project object */;
}
